
Microsoft Visual Studio Solution File, Format Version 11.00
# Visual Studio 2010
Project("{FAE04EC0-301F-11D3-BF4B-00C04F79EFBC}") = "ExcelUpload", "ExcelUpload\ExcelUpload.csproj", "{8B19574C-E43F-43EB-9DCF-7B25F849C117}"
EndProject
Global
	GlobalSection(SolutionConfigurationPlatforms) = preSolution
		Debug|Any CPU = Debug|Any CPU
		Release|Any CPU = Release|Any CPU
	EndGlobalSection
	GlobalSection(ProjectConfigurationPlatforms) = postSolution
		{8B19574C-E43F-43EB-9DCF-7B25F849C117}.Debug|Any CPU.ActiveCfg = Debug|Any CPU
		{8B19574C-E43F-43EB-9DCF-7B25F849C117}.Debug|Any CPU.Build.0 = Debug|Any CPU
		{8B19574C-E43F-43EB-9DCF-7B25F849C117}.Release|Any CPU.ActiveCfg = Release|Any CPU
		{8B19574C-E43F-43EB-9DCF-7B25F849C117}.Release|Any CPU.Build.0 = Release|Any CPU
	EndGlobalSection
	GlobalSection(SolutionProperties) = preSolution
		HideSolutionNode = FALSE
	EndGlobalSection
EndGlobal
